
Microsoft Visual Studio Solution File, Format Version 12.00
# Visual Studio Version 17
VisualStudioVersion = 17.13.35931.197 d17.13
MinimumVisualStudioVersion = 10.0.40219.1
Project("{8BC9CEB8-8B4A-11D0-8D11-00A0C91BC942}") = "Smart Task Scheduler", "Smart Task Scheduler\Smart Task Scheduler.vcxproj", "{137AE765-CDAB-4D76-85B4-9EFE62604C7E}"
EndProject
Global
	GlobalSection(SolutionConfigurationPlatforms) = preSolution
		Debug|x64 = Debug|x64
		Debug|x86 = Debug|x86
		Release|x64 = Release|x64
		Release|x86 = Release|x86
	EndGlobalSection
	GlobalSection(ProjectConfigurationPlatforms) = postSolution
		{137AE765-CDAB-4D76-85B4-9EFE62604C7E}.Debug|x64.ActiveCfg = Debug|x64
		{137AE765-CDAB-4D76-85B4-9EFE62604C7E}.Debug|x64.Build.0 = Debug|x64
		{137AE765-CDAB-4D76-85B4-9EFE62604C7E}.Debug|x86.ActiveCfg = Debug|Win32
		{137AE765-CDAB-4D76-85B4-9EFE62604C7E}.Debug|x86.Build.0 = Debug|Win32
		{137AE765-CDAB-4D76-85B4-9EFE62604C7E}.Release|x64.ActiveCfg = Release|x64
		{137AE765-CDAB-4D76-85B4-9EFE62604C7E}.Release|x64.Build.0 = Release|x64
		{137AE765-CDAB-4D76-85B4-9EFE62604C7E}.Release|x86.ActiveCfg = Release|Win32
		{137AE765-CDAB-4D76-85B4-9EFE62604C7E}.Release|x86.Build.0 = Release|Win32
	EndGlobalSection
	GlobalSection(SolutionProperties) = preSolution
		HideSolutionNode = FALSE
	EndGlobalSection
	GlobalSection(ExtensibilityGlobals) = postSolution
		SolutionGuid = {B40DAC81-77A0-469B-9F6F-BD3609FA6456}
	EndGlobalSection
EndGlobal
